
Microsoft Visual Studio Solution File, Format Version 12.00
# Visual Studio Version 17
VisualStudioVersion = 17.5.33516.290
MinimumVisualStudioVersion = 10.0.40219.1
Project("{FAE04EC0-301F-11D3-BF4B-00C04F79EFBC}") = "230427_EX_SQL", "230427_EX_SQL.csproj", "{F01C36A2-6242-4F6C-81E8-D0F163481846}"
EndProject
Global
	GlobalSection(SolutionConfigurationPlatforms) = preSolution
		Debug|Any CPU = Debug|Any CPU
		Release|Any CPU = Release|Any CPU
	EndGlobalSection
	GlobalSection(ProjectConfigurationPlatforms) = postSolution
		{F01C36A2-6242-4F6C-81E8-D0F163481846}.Debug|Any CPU.ActiveCfg = Debug|Any CPU
		{F01C36A2-6242-4F6C-81E8-D0F163481846}.Debug|Any CPU.Build.0 = Debug|Any CPU
		{F01C36A2-6242-4F6C-81E8-D0F163481846}.Release|Any CPU.ActiveCfg = Release|Any CPU
		{F01C36A2-6242-4F6C-81E8-D0F163481846}.Release|Any CPU.Build.0 = Release|Any CPU
	EndGlobalSection
	GlobalSection(SolutionProperties) = preSolution
		HideSolutionNode = FALSE
	EndGlobalSection
	GlobalSection(ExtensibilityGlobals) = postSolution
		SolutionGuid = {DD35E3BA-00E4-4708-9D61-6C07F7284D46}
	EndGlobalSection
EndGlobal
